
Microsoft Visual Studio Solution File, Format Version 12.00
# Visual Studio Version 17
VisualStudioVersion = 17.6.33829.357
MinimumVisualStudioVersion = 10.0.40219.1
Project("{FAE04EC0-301F-11D3-BF4B-00C04F79EFBC}") = "z2", "z2\z2.csproj", "{C64B1B92-6F5E-4891-B1CE-FBAD7D743566}"
EndProject
Global
	GlobalSection(SolutionConfigurationPlatforms) = preSolution
		Debug|Any CPU = Debug|Any CPU
		Release|Any CPU = Release|Any CPU
	EndGlobalSection
	GlobalSection(ProjectConfigurationPlatforms) = postSolution
		{C64B1B92-6F5E-4891-B1CE-FBAD7D743566}.Debug|Any CPU.ActiveCfg = Debug|Any CPU
		{C64B1B92-6F5E-4891-B1CE-FBAD7D743566}.Debug|Any CPU.Build.0 = Debug|Any CPU
		{C64B1B92-6F5E-4891-B1CE-FBAD7D743566}.Release|Any CPU.ActiveCfg = Release|Any CPU
		{C64B1B92-6F5E-4891-B1CE-FBAD7D743566}.Release|Any CPU.Build.0 = Release|Any CPU
	EndGlobalSection
	GlobalSection(SolutionProperties) = preSolution
		HideSolutionNode = FALSE
	EndGlobalSection
	GlobalSection(ExtensibilityGlobals) = postSolution
		SolutionGuid = {5620170C-4849-49CE-9DDA-2A1F56B8CA24}
	EndGlobalSection
EndGlobal
